
Microsoft Visual Studio Solution File, Format Version 12.00
# Visual Studio Version 17
VisualStudioVersion = 17.11.35312.102
MinimumVisualStudioVersion = 10.0.40219.1
Project("{9A19103F-16F7-4668-BE54-9A1E7A4F7556}") = "BactaBot", "BactaBot\BactaBot.csproj", "{CAD924D3-7B73-4728-97EE-BF0E675B6247}"
EndProject
Project("{9A19103F-16F7-4668-BE54-9A1E7A4F7556}") = "DataObjects", "DataObjects\DataObjects.csproj", "{019DBCB3-7288-49B0-A11C-B9871E52AAFD}"
EndProject
Project("{9A19103F-16F7-4668-BE54-9A1E7A4F7556}") = "LogicLayer", "LogicLayer\LogicLayer.csproj", "{D4856BB9-9F4D-46EA-8CDC-932E0A3A8692}"
EndProject
Project("{9A19103F-16F7-4668-BE54-9A1E7A4F7556}") = "LogicLayerInterfaces", "LogicLayerInterfaces\LogicLayerInterfaces.csproj", "{6BE3EC83-8642-44FF-841A-A8E3995EA210}"
EndProject
Project("{9A19103F-16F7-4668-BE54-9A1E7A4F7556}") = "DataAccessLayer", "DataAccessLayer\DataAccessLayer.csproj", "{849D6D9E-12E7-4A01-9B47-FE406CBE4510}"
EndProject
Project("{9A19103F-16F7-4668-BE54-9A1E7A4F7556}") = "DataAccessLayerInterfaces", "DataAccessLayerInterfaces\DataAccessLayerInterfaces.csproj", "{0B68D06A-276C-4404-93AB-DCEAC025F5E5}"
EndProject
Project("{2150E333-8FDC-42A3-9474-1A3956D46DE8}") = "Solution Items", "Solution Items", "{0A737F5C-59DF-4708-A1C0-B84F7D662918}"
	ProjectSection(SolutionItems) = preProject
		.gitignore = .gitignore
	EndProjectSection
EndProject
Project("{2150E333-8FDC-42A3-9474-1A3956D46DE8}") = "Database", "Database", "{02EA681E-C7D8-13C7-8484-4AC65E1B71E8}"
	ProjectSection(SolutionItems) = preProject
		Database\.env = Database\.env
		Database\CreateDB.bat = Database\CreateDB.bat
		Database\CreateDB.sql = Database\CreateDB.sql
		Database\DB.log = Database\DB.log
		Database\New Text Document.txt = Database\New Text Document.txt
		Database\readme.md = Database\readme.md
		Database\UpgradeDB.bat = Database\UpgradeDB.bat
	EndProjectSection
EndProject
Project("{2150E333-8FDC-42A3-9474-1A3956D46DE8}") = "SampleData", "SampleData", "{57C23EF6-D184-4204-B6A4-800CADC7A8C1}"
	ProjectSection(SolutionItems) = preProject
		Database\SampleData\SampleData.sql = Database\SampleData\SampleData.sql
	EndProjectSection
EndProject
Project("{2150E333-8FDC-42A3-9474-1A3956D46DE8}") = "StoredProcedures", "StoredProcedures", "{2046C6D7-73D0-467A-AFFC-4A65D125DB50}"
	ProjectSection(SolutionItems) = preProject
		Database\StoredProcedures\sp_bulk_insert_discord_messages.sql = Database\StoredProcedures\sp_bulk_insert_discord_messages.sql
		Database\StoredProcedures\sp_deactivate_channels.sql = Database\StoredProcedures\sp_deactivate_channels.sql
		Database\StoredProcedures\sp_deactivate_guilds.sql = Database\StoredProcedures\sp_deactivate_guilds.sql
		Database\StoredProcedures\sp_deactivate_users.sql = Database\StoredProcedures\sp_deactivate_users.sql
		Database\StoredProcedures\sp_delete_channel.sql = Database\StoredProcedures\sp_delete_channel.sql
		Database\StoredProcedures\sp_delete_discord_message.sql = Database\StoredProcedures\sp_delete_discord_message.sql
		Database\StoredProcedures\sp_delete_guild.sql = Database\StoredProcedures\sp_delete_guild.sql
		Database\StoredProcedures\sp_get_all_channels.sql = Database\StoredProcedures\sp_get_all_channels.sql
		Database\StoredProcedures\sp_get_all_configuration_values.sql = Database\StoredProcedures\sp_get_all_configuration_values.sql
		Database\StoredProcedures\sp_get_all_guilds.sql = Database\StoredProcedures\sp_get_all_guilds.sql
		Database\StoredProcedures\sp_get_channel.sql = Database\StoredProcedures\sp_get_channel.sql
		Database\StoredProcedures\sp_get_configuration_by_key.sql = Database\StoredProcedures\sp_get_configuration_by_key.sql
		Database\StoredProcedures\sp_get_discord_message.sql = Database\StoredProcedures\sp_get_discord_message.sql
		Database\StoredProcedures\sp_get_guild.sql = Database\StoredProcedures\sp_get_guild.sql
		Database\StoredProcedures\sp_get_message_count_by_user.sql = Database\StoredProcedures\sp_get_message_count_by_user.sql
		Database\StoredProcedures\sp_get_recent_discord_messages.sql = Database\StoredProcedures\sp_get_recent_discord_messages.sql
		Database\StoredProcedures\sp_insert_channel.sql = Database\StoredProcedures\sp_insert_channel.sql
		Database\StoredProcedures\sp_insert_discord_message.sql = Database\StoredProcedures\sp_insert_discord_message.sql
		Database\StoredProcedures\sp_insert_guild.sql = Database\StoredProcedures\sp_insert_guild.sql
		Database\StoredProcedures\sp_insert_guild_users.sql = Database\StoredProcedures\sp_insert_guild_users.sql
		Database\StoredProcedures\sp_insert_multiple_channels.sql = Database\StoredProcedures\sp_insert_multiple_channels.sql
		Database\StoredProcedures\sp_insert_multiple_guilds.sql = Database\StoredProcedures\sp_insert_multiple_guilds.sql
		Database\StoredProcedures\sp_insert_multiple_users.sql = Database\StoredProcedures\sp_insert_multiple_users.sql
		Database\StoredProcedures\sp_update_channel.sql = Database\StoredProcedures\sp_update_channel.sql
		Database\StoredProcedures\sp_update_discord_message.sql = Database\StoredProcedures\sp_update_discord_message.sql
		Database\StoredProcedures\sp_update_guild.sql = Database\StoredProcedures\sp_update_guild.sql
	EndProjectSection
EndProject
Project("{2150E333-8FDC-42A3-9474-1A3956D46DE8}") = "StoredProcedureUpgradeScripts", "StoredProcedureUpgradeScripts", "{33639173-02E8-4472-9D97-349CC2012855}"
	ProjectSection(SolutionItems) = preProject
		Database\StoredProcedures\StoredProcedureUpgradeScripts\sp_delete_discord_message.sql = Database\StoredProcedures\StoredProcedureUpgradeScripts\sp_delete_discord_message.sql
		Database\StoredProcedures\StoredProcedureUpgradeScripts\sp_get_recent_discord_messages.sql = Database\StoredProcedures\StoredProcedureUpgradeScripts\sp_get_recent_discord_messages.sql
		Database\StoredProcedures\StoredProcedureUpgradeScripts\sp_insert_discord_message.sql = Database\StoredProcedures\StoredProcedureUpgradeScripts\sp_insert_discord_message.sql
	EndProjectSection
EndProject
Project("{2150E333-8FDC-42A3-9474-1A3956D46DE8}") = "Tables", "Tables", "{515C2E95-433A-440A-9399-43B805B161A5}"
	ProjectSection(SolutionItems) = preProject
		Database\Tables\Channels.sql = Database\Tables\Channels.sql
		Database\Tables\ChannelTypes.sql = Database\Tables\ChannelTypes.sql
		Database\Tables\Configuration.sql = Database\Tables\Configuration.sql
		Database\Tables\DiscordMessages.sql = Database\Tables\DiscordMessages.sql
		Database\Tables\Guilds.sql = Database\Tables\Guilds.sql
		Database\Tables\GuildUsers.sql = Database\Tables\GuildUsers.sql
		Database\Tables\UserConfiguration.sql = Database\Tables\UserConfiguration.sql
		Database\Tables\Users.sql = Database\Tables\Users.sql
		Database\Tables\UserStats.sql = Database\Tables\UserStats.sql
	EndProjectSection
EndProject
Project("{2150E333-8FDC-42A3-9474-1A3956D46DE8}") = "TableUpgradeScripts", "TableUpgradeScripts", "{8E449768-4CB7-436D-A219-C5059ED0BF7A}"
EndProject
Project("{2150E333-8FDC-42A3-9474-1A3956D46DE8}") = "Types", "Types", "{EA2DF4BB-00FA-4C23-ABAD-6626709FFD1B}"
	ProjectSection(SolutionItems) = preProject
		Database\Types\ChannelIDs.sql = Database\Types\ChannelIDs.sql
		Database\Types\ChannelsTableType.sql = Database\Types\ChannelsTableType.sql
		Database\Types\DiscordMessageType.sql = Database\Types\DiscordMessageType.sql
		Database\Types\GuildsTable.sql = Database\Types\GuildsTable.sql
		Database\Types\GuildsTableType.sql = Database\Types\GuildsTableType.sql
		Database\Types\GuildUsersTableType.sql = Database\Types\GuildUsersTableType.sql
		Database\Types\UsersIDs.sql = Database\Types\UsersIDs.sql
		Database\Types\UsersTableType.sql = Database\Types\UsersTableType.sql
	EndProjectSection
EndProject
Global
	GlobalSection(SolutionConfigurationPlatforms) = preSolution
		Debug|Any CPU = Debug|Any CPU
		Release|Any CPU = Release|Any CPU
	EndGlobalSection
	GlobalSection(ProjectConfigurationPlatforms) = postSolution
		{CAD924D3-7B73-4728-97EE-BF0E675B6247}.Debug|Any CPU.ActiveCfg = Debug|Any CPU
		{CAD924D3-7B73-4728-97EE-BF0E675B6247}.Debug|Any CPU.Build.0 = Debug|Any CPU
		{CAD924D3-7B73-4728-97EE-BF0E675B6247}.Release|Any CPU.ActiveCfg = Release|Any CPU
		{CAD924D3-7B73-4728-97EE-BF0E675B6247}.Release|Any CPU.Build.0 = Release|Any CPU
		{019DBCB3-7288-49B0-A11C-B9871E52AAFD}.Debug|Any CPU.ActiveCfg = Debug|Any CPU
		{019DBCB3-7288-49B0-A11C-B9871E52AAFD}.Debug|Any CPU.Build.0 = Debug|Any CPU
		{019DBCB3-7288-49B0-A11C-B9871E52AAFD}.Release|Any CPU.ActiveCfg = Release|Any CPU
		{019DBCB3-7288-49B0-A11C-B9871E52AAFD}.Release|Any CPU.Build.0 = Release|Any CPU
		{D4856BB9-9F4D-46EA-8CDC-932E0A3A8692}.Debug|Any CPU.ActiveCfg = Debug|Any CPU
		{D4856BB9-9F4D-46EA-8CDC-932E0A3A8692}.Debug|Any CPU.Build.0 = Debug|Any CPU
		{D4856BB9-9F4D-46EA-8CDC-932E0A3A8692}.Release|Any CPU.ActiveCfg = Release|Any CPU
		{D4856BB9-9F4D-46EA-8CDC-932E0A3A8692}.Release|Any CPU.Build.0 = Release|Any CPU
		{6BE3EC83-8642-44FF-841A-A8E3995EA210}.Debug|Any CPU.ActiveCfg = Debug|Any CPU
		{6BE3EC83-8642-44FF-841A-A8E3995EA210}.Debug|Any CPU.Build.0 = Debug|Any CPU
		{6BE3EC83-8642-44FF-841A-A8E3995EA210}.Release|Any CPU.ActiveCfg = Release|Any CPU
		{6BE3EC83-8642-44FF-841A-A8E3995EA210}.Release|Any CPU.Build.0 = Release|Any CPU
		{849D6D9E-12E7-4A01-9B47-FE406CBE4510}.Debug|Any CPU.ActiveCfg = Debug|Any CPU
		{849D6D9E-12E7-4A01-9B47-FE406CBE4510}.Debug|Any CPU.Build.0 = Debug|Any CPU
		{849D6D9E-12E7-4A01-9B47-FE406CBE4510}.Release|Any CPU.ActiveCfg = Release|Any CPU
		{849D6D9E-12E7-4A01-9B47-FE406CBE4510}.Release|Any CPU.Build.0 = Release|Any CPU
		{0B68D06A-276C-4404-93AB-DCEAC025F5E5}.Debug|Any CPU.ActiveCfg = Debug|Any CPU
		{0B68D06A-276C-4404-93AB-DCEAC025F5E5}.Debug|Any CPU.Build.0 = Debug|Any CPU
		{0B68D06A-276C-4404-93AB-DCEAC025F5E5}.Release|Any CPU.ActiveCfg = Release|Any CPU
		{0B68D06A-276C-4404-93AB-DCEAC025F5E5}.Release|Any CPU.Build.0 = Release|Any CPU
	EndGlobalSection
	GlobalSection(SolutionProperties) = preSolution
		HideSolutionNode = FALSE
	EndGlobalSection
	GlobalSection(NestedProjects) = preSolution
		{57C23EF6-D184-4204-B6A4-800CADC7A8C1} = {02EA681E-C7D8-13C7-8484-4AC65E1B71E8}
		{2046C6D7-73D0-467A-AFFC-4A65D125DB50} = {02EA681E-C7D8-13C7-8484-4AC65E1B71E8}
		{33639173-02E8-4472-9D97-349CC2012855} = {2046C6D7-73D0-467A-AFFC-4A65D125DB50}
		{515C2E95-433A-440A-9399-43B805B161A5} = {02EA681E-C7D8-13C7-8484-4AC65E1B71E8}
		{8E449768-4CB7-436D-A219-C5059ED0BF7A} = {515C2E95-433A-440A-9399-43B805B161A5}
		{EA2DF4BB-00FA-4C23-ABAD-6626709FFD1B} = {02EA681E-C7D8-13C7-8484-4AC65E1B71E8}
	EndGlobalSection
	GlobalSection(ExtensibilityGlobals) = postSolution
		SolutionGuid = {E0387AF1-C3C9-4FD4-991A-D66953D63CCB}
	EndGlobalSection
EndGlobal
